PODS:
  - Base64 (1.1.2)
  - boost-for-react-native (1.63.0)
  - BVLinearGradient (2.5.6):
    - React
  - CodePush (6.0.0):
    - Base64 (~> 1.1)
    - JWT (~> 3.0.0-beta.7)
    - React
    - SSZipArchive (~> 2.1)
  - DoubleConversion (1.1.6)
  - FBLazyVector (0.61.5)
  - FBReactNativeSpec (0.61.5):
    - Folly (= 2018.10.22.00)
    - RCTRequired (= 0.61.5)
    - RCTTypeSafety (= 0.61.5)
    - React-Core (= 0.61.5)
    - React-jsi (= 0.61.5)
    - ReactCommon/turbomodule/core (= 0.61.5)
  - Folly (2018.10.22.00):
    - boost-for-react-native
    - DoubleConversion
    - Folly/Default (= 2018.10.22.00)
    - glog
  - Folly/Default (2018.10.22.00):
    - boost-for-react-native
    - DoubleConversion
    - glog
  - glog (0.3.5)
  - JAnalytics (1.4.4):
    - React
  - JCore (1.7.5):
    - React
  - JMessageRN (3.1.7):
    - React
  - JPush (2.7.5):
    - React
  - JShareRN (1.4.1):
    - React
  - JWT (3.0.0-beta.11):
    - Base64 (~> 1.1.2)
  - Permission-Camera (2.0.9):
    - RNPermissions
  - Permission-LocationAlways (2.0.9):
    - RNPermissions
  - Permission-LocationWhenInUse (2.0.9):
    - RNPermissions
  - Permission-MediaLibrary (2.0.9):
    - RNPermissions
  - Permission-Microphone (2.0.9):
    - RNPermissions
  - Permission-Notifications (2.0.9):
    - RNPermissions
  - Permission-PhotoLibrary (2.0.9):
    - RNPermissions
  - Picker (4.3.7):
    - Picker/Core (= 4.3.7)
  - Picker/Core (4.3.7):
    - React
  - QBImagePickerController (3.4.0)
  - RCTRequired (0.61.5)
  - RCTTypeSafety (0.61.5):
    - FBLazyVector (= 0.61.5)
    - Folly (= 2018.10.22.00)
    - RCTRequired (= 0.61.5)
    - React-Core (= 0.61.5)
  - RCTWeChat (1.9.12):
    - React
  - React (0.61.5):
    - React-Core (= 0.61.5)
    - React-Core/DevSupport (= 0.61.5)
    - React-Core/RCTWebSocket (= 0.61.5)
    - React-RCTActionSheet (= 0.61.5)
    - React-RCTAnimation (= 0.61.5)
    - React-RCTBlob (= 0.61.5)
    - React-RCTImage (= 0.61.5)
    - React-RCTLinking (= 0.61.5)
    - React-RCTNetwork (= 0.61.5)
    - React-RCTSettings (= 0.61.5)
    - React-RCTText (= 0.61.5)
    - React-RCTVibration (= 0.61.5)
  - React-Core (0.61.5):
    - Folly (= 2018.10.22.00)
    - glog
    - React-Core/Default (= 0.61.5)
    - React-cxxreact (= 0.61.5)
    - React-jsi (= 0.61.5)
    - React-jsiexecutor (= 0.61.5)
    - Yoga
  - React-Core/CoreModulesHeaders (0.61.5):
    - Folly (= 2018.10.22.00)
    - glog
    - React-Core/Default
    - React-cxxreact (= 0.61.5)
    - React-jsi (= 0.61.5)
    - React-jsiexecutor (= 0.61.5)
    - Yoga
  - React-Core/Default (0.61.5):
    - Folly (= 2018.10.22.00)
    - glog
    - React-cxxreact (= 0.61.5)
    - React-jsi (= 0.61.5)
    - React-jsiexecutor (= 0.61.5)
    - Yoga
  - React-Core/DevSupport (0.61.5):
    - Folly (= 2018.10.22.00)
    - glog
    - React-Core/Default (= 0.61.5)
    - React-Core/RCTWebSocket (= 0.61.5)
    - React-cxxreact (= 0.61.5)
    - React-jsi (= 0.61.5)
    - React-jsiexecutor (= 0.61.5)
    - React-jsinspector (= 0.61.5)
    - Yoga
  - React-Core/RCTActionSheetHeaders (0.61.5):
    - Folly (= 2018.10.22.00)
    - glog
    - React-Core/Default
    - React-cxxreact (= 0.61.5)
    - React-jsi (= 0.61.5)
    - React-jsiexecutor (= 0.61.5)
    - Yoga
  - React-Core/RCTAnimationHeaders (0.61.5):
    - Folly (= 2018.10.22.00)
    - glog
    - React-Core/Default
    - React-cxxreact (= 0.61.5)
    - React-jsi (= 0.61.5)
    - React-jsiexecutor (= 0.61.5)
    - Yoga
  - React-Core/RCTBlobHeaders (0.61.5):
    - Folly (= 2018.10.22.00)
    - glog
    - React-Core/Default
    - React-cxxreact (= 0.61.5)
    - React-jsi (= 0.61.5)
    - React-jsiexecutor (= 0.61.5)
    - Yoga
  - React-Core/RCTImageHeaders (0.61.5):
    - Folly (= 2018.10.22.00)
    - glog
    - React-Core/Default
    - React-cxxreact (= 0.61.5)
    - React-jsi (= 0.61.5)
    - React-jsiexecutor (= 0.61.5)
    - Yoga
  - React-Core/RCTLinkingHeaders (0.61.5):
    - Folly (= 2018.10.22.00)
    - glog
    - React-Core/Default
    - React-cxxreact (= 0.61.5)
    - React-jsi (= 0.61.5)
    - React-jsiexecutor (= 0.61.5)
    - Yoga
  - React-Core/RCTNetworkHeaders (0.61.5):
    - Folly (= 2018.10.22.00)
    - glog
    - React-Core/Default
    - React-cxxreact (= 0.61.5)
    - React-jsi (= 0.61.5)
    - React-jsiexecutor (= 0.61.5)
    - Yoga
  - React-Core/RCTSettingsHeaders (0.61.5):
    - Folly (= 2018.10.22.00)
    - glog
    - React-Core/Default
    - React-cxxreact (= 0.61.5)
    - React-jsi (= 0.61.5)
    - React-jsiexecutor (= 0.61.5)
    - Yoga
  - React-Core/RCTTextHeaders (0.61.5):
    - Folly (= 2018.10.22.00)
    - glog
    - React-Core/Default
    - React-cxxreact (= 0.61.5)
    - React-jsi (= 0.61.5)
    - React-jsiexecutor (= 0.61.5)
    - Yoga
  - React-Core/RCTVibrationHeaders (0.61.5):
    - Folly (= 2018.10.22.00)
    - glog
    - React-Core/Default
    - React-cxxreact (= 0.61.5)
    - React-jsi (= 0.61.5)
    - React-jsiexecutor (= 0.61.5)
    - Yoga
  - React-Core/RCTWebSocket (0.61.5):
    - Folly (= 2018.10.22.00)
    - glog
    - React-Core/Default (= 0.61.5)
    - React-cxxreact (= 0.61.5)
    - React-jsi (= 0.61.5)
    - React-jsiexecutor (= 0.61.5)
    - Yoga
  - React-CoreModules (0.61.5):
    - FBReactNativeSpec (= 0.61.5)
    - Folly (= 2018.10.22.00)
    - RCTTypeSafety (= 0.61.5)
    - React-Core/CoreModulesHeaders (= 0.61.5)
    - React-RCTImage (= 0.61.5)
    - ReactCommon/turbomodule/core (= 0.61.5)
  - React-cxxreact (0.61.5):
    - boost-for-react-native (= 1.63.0)
    - DoubleConversion
    - Folly (= 2018.10.22.00)
    - glog
    - React-jsinspector (= 0.61.5)
  - React-jsi (0.61.5):
    - boost-for-react-native (= 1.63.0)
    - DoubleConversion
    - Folly (= 2018.10.22.00)
    - glog
    - React-jsi/Default (= 0.61.5)
  - React-jsi/Default (0.61.5):
    - boost-for-react-native (= 1.63.0)
    - DoubleConversion
    - Folly (= 2018.10.22.00)
    - glog
  - React-jsiexecutor (0.61.5):
    - DoubleConversion
    - Folly (= 2018.10.22.00)
    - glog
    - React-cxxreact (= 0.61.5)
    - React-jsi (= 0.61.5)
  - React-jsinspector (0.61.5)
  - react-native-camera (3.17.0):
    - React
    - react-native-camera/RCT (= 3.17.0)
    - react-native-camera/RN (= 3.17.0)
  - react-native-camera/RCT (3.17.0):
    - React
  - react-native-camera/RN (3.17.0):
    - React
  - react-native-geolocation (1.4.2):
    - React
  - react-native-image-resizer (1.1.0):
    - React
  - react-native-safe-area-context (0.6.2):
    - React
  - react-native-video (5.0.2):
    - React
    - react-native-video/Video (= 5.0.2)
  - react-native-video/Video (5.0.2):
    - React
  - react-native-viewpager (3.3.0):
    - React
  - react-native-webview (8.0.3):
    - React
  - React-RCTActionSheet (0.61.5):
    - React-Core/RCTActionSheetHeaders (= 0.61.5)
  - React-RCTAnimation (0.61.5):
    - React-Core/RCTAnimationHeaders (= 0.61.5)
  - React-RCTBlob (0.61.5):
    - React-Core/RCTBlobHeaders (= 0.61.5)
    - React-Core/RCTWebSocket (= 0.61.5)
    - React-jsi (= 0.61.5)
    - React-RCTNetwork (= 0.61.5)
  - React-RCTImage (0.61.5):
    - React-Core/RCTImageHeaders (= 0.61.5)
    - React-RCTNetwork (= 0.61.5)
  - React-RCTLinking (0.61.5):
    - React-Core/RCTLinkingHeaders (= 0.61.5)
  - React-RCTNetwork (0.61.5):
    - React-Core/RCTNetworkHeaders (= 0.61.5)
  - React-RCTSettings (0.61.5):
    - React-Core/RCTSettingsHeaders (= 0.61.5)
  - React-RCTText (0.61.5):
    - React-Core/RCTTextHeaders (= 0.61.5)
  - React-RCTVibration (0.61.5):
    - React-Core/RCTVibrationHeaders (= 0.61.5)
  - ReactCommon/jscallinvoker (0.61.5):
    - DoubleConversion
    - Folly (= 2018.10.22.00)
    - glog
    - React-cxxreact (= 0.61.5)
  - ReactCommon/turbomodule/core (0.61.5):
    - DoubleConversion
    - Folly (= 2018.10.22.00)
    - glog
    - React-Core (= 0.61.5)
    - React-cxxreact (= 0.61.5)
    - React-jsi (= 0.61.5)
    - ReactCommon/jscallinvoker (= 0.61.5)
  - RNAudio (4.3.1):
    - React
  - RNBootSplash (1.2.1):
    - React
  - RNCAsyncStorage (1.7.1):
    - React
  - RNFS (2.16.2):
    - React
  - RNGestureHandler (1.5.3):
    - React
  - RNImageCropPicker (0.26.2):
    - QBImagePickerController
    - React-Core
    - React-RCTImage
    - RSKImageCropper
  - RNPermissions (2.0.9):
    - React
  - RNReanimated (1.6.0):
    - React
  - RNScreens (2.0.0-alpha.25):
    - React
  - RNSound (0.11.0):
    - React
    - RNSound/Core (= 0.11.0)
  - RNSound/Core (0.11.0):
    - React
  - RSKImageCropper (2.2.1)
  - SSZipArchive (2.1.4)
  - Yoga (1.14.0)

DEPENDENCIES:
  - BVLinearGradient (from `../node_modules/react-native-linear-gradient`)
  - CodePush (from `../node_modules/react-native-code-push`)
  - DoubleConversion (from `../node_modules/react-native/third-party-podspecs/DoubleConversion.podspec`)
  - FBLazyVector (from `../node_modules/react-native/Libraries/FBLazyVector`)
  - FBReactNativeSpec (from `../node_modules/react-native/Libraries/FBReactNativeSpec`)
  - Folly (from `../node_modules/react-native/third-party-podspecs/Folly.podspec`)
  - glog (from `../node_modules/react-native/third-party-podspecs/glog.podspec`)
  - JAnalytics (from `../node_modules/janalytics-react-native`)
  - JCore (from `../node_modules/jcore-react-native`)
  - JMessageRN (from `../node_modules/jmessage-react-plugin`)
  - JPush (from `../node_modules/jpush-react-native`)
  - JShareRN (from `../node_modules/jshare-react-native`)
  - Permission-Camera (from `../node_modules/react-native-permissions/ios/Camera.podspec`)
  - Permission-LocationAlways (from `../node_modules/react-native-permissions/ios/LocationAlways.podspec`)
  - Permission-LocationWhenInUse (from `../node_modules/react-native-permissions/ios/LocationWhenInUse.podspec`)
  - Permission-MediaLibrary (from `../node_modules/react-native-permissions/ios/MediaLibrary.podspec`)
  - Permission-Microphone (from `../node_modules/react-native-permissions/ios/Microphone.podspec`)
  - Permission-Notifications (from `../node_modules/react-native-permissions/ios/Notifications.podspec`)
  - Permission-PhotoLibrary (from `../node_modules/react-native-permissions/ios/PhotoLibrary.podspec`)
  - Picker (from `../node_modules/react-native-picker`)
  - RCTRequired (from `../node_modules/react-native/Libraries/RCTRequired`)
  - RCTTypeSafety (from `../node_modules/react-native/Libraries/TypeSafety`)
  - RCTWeChat (from `../node_modules/react-native-wechat`)
  - React (from `../node_modules/react-native/`)
  - React-Core (from `../node_modules/react-native/`)
  - React-Core/DevSupport (from `../node_modules/react-native/`)
  - React-Core/RCTWebSocket (from `../node_modules/react-native/`)
  - React-CoreModules (from `../node_modules/react-native/React/CoreModules`)
  - React-cxxreact (from `../node_modules/react-native/ReactCommon/cxxreact`)
  - React-jsi (from `../node_modules/react-native/ReactCommon/jsi`)
  - React-jsiexecutor (from `../node_modules/react-native/ReactCommon/jsiexecutor`)
  - React-jsinspector (from `../node_modules/react-native/ReactCommon/jsinspector`)
  - react-native-camera (from `../node_modules/react-native-camera`)
  - "react-native-geolocation (from `../node_modules/@react-native-community/geolocation`)"
  - react-native-image-resizer (from `../node_modules/react-native-image-resizer`)
  - react-native-safe-area-context (from `../node_modules/react-native-safe-area-context`)
  - react-native-video (from `../node_modules/react-native-video`)
  - "react-native-viewpager (from `../node_modules/@react-native-community/viewpager`)"
  - react-native-webview (from `../node_modules/react-native-webview`)
  - React-RCTActionSheet (from `../node_modules/react-native/Libraries/ActionSheetIOS`)
  - React-RCTAnimation (from `../node_modules/react-native/Libraries/NativeAnimation`)
  - React-RCTBlob (from `../node_modules/react-native/Libraries/Blob`)
  - React-RCTImage (from `../node_modules/react-native/Libraries/Image`)
  - React-RCTLinking (from `../node_modules/react-native/Libraries/LinkingIOS`)
  - React-RCTNetwork (from `../node_modules/react-native/Libraries/Network`)
  - React-RCTSettings (from `../node_modules/react-native/Libraries/Settings`)
  - React-RCTText (from `../node_modules/react-native/Libraries/Text`)
  - React-RCTVibration (from `../node_modules/react-native/Libraries/Vibration`)
  - ReactCommon/jscallinvoker (from `../node_modules/react-native/ReactCommon`)
  - ReactCommon/turbomodule/core (from `../node_modules/react-native/ReactCommon`)
  - RNAudio (from `../node_modules/react-native-audio`)
  - RNBootSplash (from `../node_modules/react-native-bootsplash`)
  - "RNCAsyncStorage (from `../node_modules/@react-native-community/async-storage`)"
  - RNFS (from `../node_modules/react-native-fs`)
  - RNGestureHandler (from `../node_modules/react-native-gesture-handler`)
  - RNImageCropPicker (from `../node_modules/react-native-image-crop-picker`)
  - RNPermissions (from `../node_modules/react-native-permissions`)
  - RNReanimated (from `../node_modules/react-native-reanimated`)
  - RNScreens (from `../node_modules/react-native-screens`)
  - RNSound (from `../node_modules/react-native-sound`)
  - Yoga (from `../node_modules/react-native/ReactCommon/yoga`)

SPEC REPOS:
  https://github.com/cocoapods/specs.git:
    - Base64
    - boost-for-react-native
    - JWT
    - QBImagePickerController
    - RSKImageCropper
    - SSZipArchive

EXTERNAL SOURCES:
  BVLinearGradient:
    :path: "../node_modules/react-native-linear-gradient"
  CodePush:
    :path: "../node_modules/react-native-code-push"
  DoubleConversion:
    :podspec: "../node_modules/react-native/third-party-podspecs/DoubleConversion.podspec"
  FBLazyVector:
    :path: "../node_modules/react-native/Libraries/FBLazyVector"
  FBReactNativeSpec:
    :path: "../node_modules/react-native/Libraries/FBReactNativeSpec"
  Folly:
    :podspec: "../node_modules/react-native/third-party-podspecs/Folly.podspec"
  glog:
    :podspec: "../node_modules/react-native/third-party-podspecs/glog.podspec"
  JAnalytics:
    :path: "../node_modules/janalytics-react-native"
  JCore:
    :path: "../node_modules/jcore-react-native"
  JMessageRN:
    :path: "../node_modules/jmessage-react-plugin"
  JPush:
    :path: "../node_modules/jpush-react-native"
  JShareRN:
    :path: "../node_modules/jshare-react-native"
  Permission-Camera:
    :path: "../node_modules/react-native-permissions/ios/Camera.podspec"
  Permission-LocationAlways:
    :path: "../node_modules/react-native-permissions/ios/LocationAlways.podspec"
  Permission-LocationWhenInUse:
    :path: "../node_modules/react-native-permissions/ios/LocationWhenInUse.podspec"
  Permission-MediaLibrary:
    :path: "../node_modules/react-native-permissions/ios/MediaLibrary.podspec"
  Permission-Microphone:
    :path: "../node_modules/react-native-permissions/ios/Microphone.podspec"
  Permission-Notifications:
    :path: "../node_modules/react-native-permissions/ios/Notifications.podspec"
  Permission-PhotoLibrary:
    :path: "../node_modules/react-native-permissions/ios/PhotoLibrary.podspec"
  Picker:
    :path: "../node_modules/react-native-picker"
  RCTRequired:
    :path: "../node_modules/react-native/Libraries/RCTRequired"
  RCTTypeSafety:
    :path: "../node_modules/react-native/Libraries/TypeSafety"
  RCTWeChat:
    :path: "../node_modules/react-native-wechat"
  React:
    :path: "../node_modules/react-native/"
  React-Core:
    :path: "../node_modules/react-native/"
  React-CoreModules:
    :path: "../node_modules/react-native/React/CoreModules"
  React-cxxreact:
    :path: "../node_modules/react-native/ReactCommon/cxxreact"
  React-jsi:
    :path: "../node_modules/react-native/ReactCommon/jsi"
  React-jsiexecutor:
    :path: "../node_modules/react-native/ReactCommon/jsiexecutor"
  React-jsinspector:
    :path: "../node_modules/react-native/ReactCommon/jsinspector"
  react-native-camera:
    :path: "../node_modules/react-native-camera"
  react-native-geolocation:
    :path: "../node_modules/@react-native-community/geolocation"
  react-native-image-resizer:
    :path: "../node_modules/react-native-image-resizer"
  react-native-safe-area-context:
    :path: "../node_modules/react-native-safe-area-context"
  react-native-video:
    :path: "../node_modules/react-native-video"
  react-native-viewpager:
    :path: "../node_modules/@react-native-community/viewpager"
  react-native-webview:
    :path: "../node_modules/react-native-webview"
  React-RCTActionSheet:
    :path: "../node_modules/react-native/Libraries/ActionSheetIOS"
  React-RCTAnimation:
    :path: "../node_modules/react-native/Libraries/NativeAnimation"
  React-RCTBlob:
    :path: "../node_modules/react-native/Libraries/Blob"
  React-RCTImage:
    :path: "../node_modules/react-native/Libraries/Image"
  React-RCTLinking:
    :path: "../node_modules/react-native/Libraries/LinkingIOS"
  React-RCTNetwork:
    :path: "../node_modules/react-native/Libraries/Network"
  React-RCTSettings:
    :path: "../node_modules/react-native/Libraries/Settings"
  React-RCTText:
    :path: "../node_modules/react-native/Libraries/Text"
  React-RCTVibration:
    :path: "../node_modules/react-native/Libraries/Vibration"
  ReactCommon:
    :path: "../node_modules/react-native/ReactCommon"
  RNAudio:
    :path: "../node_modules/react-native-audio"
  RNBootSplash:
    :path: "../node_modules/react-native-bootsplash"
  RNCAsyncStorage:
    :path: "../node_modules/@react-native-community/async-storage"
  RNFS:
    :path: "../node_modules/react-native-fs"
  RNGestureHandler:
    :path: "../node_modules/react-native-gesture-handler"
  RNImageCropPicker:
    :path: "../node_modules/react-native-image-crop-picker"
  RNPermissions:
    :path: "../node_modules/react-native-permissions"
  RNReanimated:
    :path: "../node_modules/react-native-reanimated"
  RNScreens:
    :path: "../node_modules/react-native-screens"
  RNSound:
    :path: "../node_modules/react-native-sound"
  Yoga:
    :path: "../node_modules/react-native/ReactCommon/yoga"

SPEC CHECKSUMS:
  Base64: cecfb41a004124895a7bcee567a89bae5a89d49b
  boost-for-react-native: 39c7adb57c4e60d6c5479dd8623128eb5b3f0f2c
  BVLinearGradient: b0b70acf63ee888829b7c2ebbf6b50e227396e55
  CodePush: f6b348759cdc42c734d9c3a46ceb2997c270b12e
  DoubleConversion: 5805e889d232975c086db112ece9ed034df7a0b2
  FBLazyVector: cb37b5590a27600f0a889222d7c1f019625f4168
  FBReactNativeSpec: 6fda0eee5b059ee8ea0f845f4060620ff96b5b55
  Folly: 30e7936e1c45c08d884aa59369ed951a8e68cf51
  glog: 1f3da668190260b06b429bb211bfbee5cd790c28
  JAnalytics: 61d934ddb19fbe2e2f07986349c5e7841db66300
  JCore: 11efdf483caaceb1ee2cd90328e242edadf33f6c
  JMessageRN: 1ab464418debfe84df6852111fad97b32911895a
  JPush: 36f75044c90c1d27117909fe7421e13756d75248
  JShareRN: aa3205917d6eaf9d663ba010c4b4aa03e6a9b130
  JWT: 05028b9624591bba9681bb57df2c5f95fa258bad
  Permission-Camera: edf691d05c6a37d588c1245a62bb53cdbed5f6ca
  Permission-LocationAlways: 9dd346ec4bd7aa43749acbe87f293df40e671b74
  Permission-LocationWhenInUse: b7140659f4fbb8c1c883d93f1e4d3d513ff13351
  Permission-MediaLibrary: 42313ecf9f4974a62a9f74cd2d34a72dc99c29f7
  Permission-Microphone: 52676a9967eaca6ba6f09d275c9c35020b583add
  Permission-Notifications: 762ab4ed59676de16adeca3cbdda7339cd21bedc
  Permission-PhotoLibrary: cc2a7040ab02d344f24536703f1e1fd4cea4fa37
  Picker: 67a2566d9ff6b141d505d88b9177f905aaa5f1a6
  QBImagePickerController: d54cf93db6decf26baf6ed3472f336ef35cae022
  RCTRequired: 81db8debffc2eb932841fa02dcf5a2e911af74c1
  RCTTypeSafety: 39a7d8643abe2460aef0adeb9acbe9401b579fff
  RCTWeChat: cc2021ee3a4b1419f55f37389cef7c569e349225
  React: 89f2294058332cf7c4feee644e17d5024da1f531
  React-Core: c55956aa434fae94816b665f99d51d50f48d5993
  React-CoreModules: c70b9db4f48e31474bb022716fff41983b335ce2
  React-cxxreact: 1dbe583c02d15d269f13451d203e645bb233fc96
  React-jsi: f9126dd5818fbd8fbf869be9bbc1c0543973e1a1
  React-jsiexecutor: 752f034d0f007d1141a1c52ba9ef3fd9668fbfa7
  React-jsinspector: 044105eea064aec81adc5e4d777a8f6589e7d094
  react-native-camera: 9c50d7def800895e7991ccda6203929553ceec9c
  react-native-geolocation: 8710b1bae31e734191273344d52141151b94bb3f
  react-native-image-resizer: 04a3409e7d4ad646c4468671c69dec490def139c
  react-native-safe-area-context: 686e5d98bb021d8ca415ec5cf2a30dfc0d7d0d93
  react-native-video: 44c6befbc1526283ca1919891fcebe4680feade4
  react-native-viewpager: 2ff4c859320830477191c139c14f8cf65c4a2385
  react-native-webview: ad9581723f4d401c22cb3a371811d4dc9310df56
  React-RCTActionSheet: 49433f6e3659ba5d3ee650e44b9c18743ef9a7fc
  React-RCTAnimation: 12f86a4e3542032329366b03bca2cc254a7c64a9
  React-RCTBlob: ba90a4144ad478a022b79a4e8a1f150548d39425
  React-RCTImage: f652d97e49f4b0f26c7df336e723a0d259179967
  React-RCTLinking: e738422857085a1c40c57505a25920160d365783
  React-RCTNetwork: d0d635ad07deed0c05a1b1499d1ab4ce5c41ac97
  React-RCTSettings: ae6f8b64ee5c5e4fc629f5109042e122fd0fd14b
  React-RCTText: 3f24042210886ee8c02613758013010be04b291e
  React-RCTVibration: d55e1365be416980217914fe009e9d55dec02e03
  ReactCommon: eb96b70a2a5bed775e919151fd77699fed52944c
  RNAudio: 190cf085b4dddd366f4f3f7be1794c78d7d434a3
  RNBootSplash: c1d01936886f114d93e41825bf36fde54717c26f
  RNCAsyncStorage: e99188b8a89ea0edddc82d8831cd5142f4550fdc
  RNFS: 63be1ccb4bf27a09d1cf7f481c86fdfba9e4a0a2
  RNGestureHandler: 123c4bb46136077e390cc308a432029a1c1f47e5
  RNImageCropPicker: 1d93df47047eacbba27aa1014a14bc3e58d5b54a
  RNPermissions: 09451e563764b938c2bbc945ca430f758044f0dd
  RNReanimated: e0bb8012c83f3d28794c62bf3ad6c4b2d182a915
  RNScreens: cbad3ccd2798bd19cc9ca5070e95e31c950b50ac
  RNSound: 53c06172b3e470011825612a95da302e1913ee72
  RSKImageCropper: 98296ad26b41753f796b6898d015509598f13d97
  SSZipArchive: 41455d4b8d2b6ab93990820b50dc697c2554a322
  Yoga: 6af72bedeaea291a3a3717772d6d41836f23a1b9

PODFILE CHECKSUM: c6bc62a559eb6e80cf34c5a094bb0feb8e327d49

COCOAPODS: 1.5.3
